// !$*UTF8*$!
{
	archiveVersion = 1;
	classes = {
	};
	objectVersion = 46;
	objects = {

/* Begin PBXBuildFile section */
		4D72BF525B40041E678B9E86 /* libPods.a in Frameworks */ = {isa = PBXBuildFile; fileRef = E363091D312156B62A91EC35 /* libPods.a */; };
		6507D5C51CA6A34100B41237 /* libReactiveCocoa.a in Frameworks */ = {isa = PBXBuildFile; fileRef = 6507D5C41CA6A34100B41237 /* libReactiveCocoa.a */; };
		6528E72D1C7196F700B4B1E0 /* LZHBaseViewController.m in Sources */ = {isa = PBXBuildFile; fileRef = 6528E6651C7196F600B4B1E0 /* LZHBaseViewController.m */; };
		6528E72F1C7196F700B4B1E0 /* NSDate+Category.m in Sources */ = {isa = PBXBuildFile; fileRef = 6528E66B1C7196F600B4B1E0 /* NSDate+Category.m */; };
		6528E7301C7196F700B4B1E0 /* NSDateFormatter+Category.m in Sources */ = {isa = PBXBuildFile; fileRef = 6528E66D1C7196F600B4B1E0 /* NSDateFormatter+Category.m */; };
		6528E7311C7196F700B4B1E0 /* NSObject+LZHCategory.m in Sources */ = {isa = PBXBuildFile; fileRef = 6528E66F1C7196F600B4B1E0 /* NSObject+LZHCategory.m */; };
		6528E7491C7196F700B4B1E0 /* JKAlertDialog.m in Sources */ = {isa = PBXBuildFile; fileRef = 6528E6A51C7196F600B4B1E0 /* JKAlertDialog.m */; };
		6528E7741C7196F700B4B1E0 /* VOContentLayer.m in Sources */ = {isa = PBXBuildFile; fileRef = 6528E7161C7196F700B4B1E0 /* VOContentLayer.m */; };
		6528E7751C7196F700B4B1E0 /* VOIndicatorAnimation.m in Sources */ = {isa = PBXBuildFile; fileRef = 6528E7181C7196F700B4B1E0 /* VOIndicatorAnimation.m */; };
		6528E7761C7196F700B4B1E0 /* VOSegment.m in Sources */ = {isa = PBXBuildFile; fileRef = 6528E71A1C7196F700B4B1E0 /* VOSegment.m */; };
		6528E7771C7196F700B4B1E0 /* VOSegmentedControl.m in Sources */ = {isa = PBXBuildFile; fileRef = 6528E71C1C7196F700B4B1E0 /* VOSegmentedControl.m */; };
		6528E7791C7196F700B4B1E0 /* LZHCacheManager.m in Sources */ = {isa = PBXBuildFile; fileRef = 6528E7221C7196F700B4B1E0 /* LZHCacheManager.m */; };
		6528E77D1C7196F700B4B1E0 /* LZHBaseModel.m in Sources */ = {isa = PBXBuildFile; fileRef = 6528E72B1C7196F700B4B1E0 /* LZHBaseModel.m */; };
		6528E7861C71991300B4B1E0 /* UIViewController+Category.m in Sources */ = {isa = PBXBuildFile; fileRef = 6528E7851C71991300B4B1E0 /* UIViewController+Category.m */; };
		6528E7891C71994300B4B1E0 /* UIView+Category.m in Sources */ = {isa = PBXBuildFile; fileRef = 6528E7881C71994300B4B1E0 /* UIView+Category.m */; };
		6528E78C1C71996E00B4B1E0 /* NSString+Category.m in Sources */ = {isa = PBXBuildFile; fileRef = 6528E78B1C71996E00B4B1E0 /* NSString+Category.m */; };
		6528E78F1C7199F300B4B1E0 /* UIColor+Category.m in Sources */ = {isa = PBXBuildFile; fileRef = 6528E78E1C7199F300B4B1E0 /* UIColor+Category.m */; };
		6528E7921C719C8100B4B1E0 /* UINavigationController+Category.m in Sources */ = {isa = PBXBuildFile; fileRef = 6528E7911C719C8100B4B1E0 /* UINavigationController+Category.m */; };
		6528E7981C719CCD00B4B1E0 /* UIScrollView+Category.m in Sources */ = {isa = PBXBuildFile; fileRef = 6528E7971C719CCD00B4B1E0 /* UIScrollView+Category.m */; };
		6528E79B1C719D7A00B4B1E0 /* UITabBarController+Category.m in Sources */ = {isa = PBXBuildFile; fileRef = 6528E79A1C719D7A00B4B1E0 /* UITabBarController+Category.m */; };
		6528E7A21C71B96000B4B1E0 /* StackViewTextViewController.m in Sources */ = {isa = PBXBuildFile; fileRef = 6528E7A11C71B96000B4B1E0 /* StackViewTextViewController.m */; };
		654FD2EE1C7E9519006055A6 /* UIControl+Category.m in Sources */ = {isa = PBXBuildFile; fileRef = 654FD2ED1C7E9519006055A6 /* UIControl+Category.m */; };
		654FD2F61C7E96ED006055A6 /* ALActionBlockWrapper.m in Sources */ = {isa = PBXBuildFile; fileRef = 654FD2F51C7E96ED006055A6 /* ALActionBlockWrapper.m */; };
		654FD2F91C7E9745006055A6 /* UIGestureRecognizer+Category.m in Sources */ = {isa = PBXBuildFile; fileRef = 654FD2F81C7E9745006055A6 /* UIGestureRecognizer+Category.m */; };
		654FD2FC1C7E97A6006055A6 /* UIBarButtonItem+Category.m in Sources */ = {isa = PBXBuildFile; fileRef = 654FD2FB1C7E97A6006055A6 /* UIBarButtonItem+Category.m */; };
		6555700A1C743ECD005274EC /* UIImageView+Categary.m in Sources */ = {isa = PBXBuildFile; fileRef = 655570091C743ECD005274EC /* UIImageView+Categary.m */; };
		6555700D1C743F2C005274EC /* UITableView+Catrgory.m in Sources */ = {isa = PBXBuildFile; fileRef = 6555700C1C743F2C005274EC /* UITableView+Catrgory.m */; };
		655570101C7443C9005274EC /* UIResponder+Catrgory.m in Sources */ = {isa = PBXBuildFile; fileRef = 6555700F1C7443C9005274EC /* UIResponder+Catrgory.m */; };
		655570131C74465B005274EC /* UITextView+Category.m in Sources */ = {isa = PBXBuildFile; fileRef = 655570121C74465B005274EC /* UITextView+Category.m */; };
		65729BE31CF307F200E4BC34 /* huodongcuxiao.png in Resources */ = {isa = PBXBuildFile; fileRef = 65729BE21CF307F200E4BC34 /* huodongcuxiao.png */; };
		65729BF01CF30B7A00E4BC34 /* XIBViewController.m in Sources */ = {isa = PBXBuildFile; fileRef = 65729BEE1CF30B7A00E4BC34 /* XIBViewController.m */; };
		65729BF11CF30B7A00E4BC34 /* XIBViewController.xib in Resources */ = {isa = PBXBuildFile; fileRef = 65729BEF1CF30B7A00E4BC34 /* XIBViewController.xib */; };
		6572EAE51C7B09D400D27CD9 /* ViewController.m in Sources */ = {isa = PBXBuildFile; fileRef = 6572EAE41C7B09D400D27CD9 /* ViewController.m */; };
		65973D551CF42A9300847FC5 /* UIImage+Category.m in Sources */ = {isa = PBXBuildFile; fileRef = 65973D541CF42A9300847FC5 /* UIImage+Category.m */; };
		65A4252E1C5F32CE00968FFA /* main.m in Sources */ = {isa = PBXBuildFile; fileRef = 65A4252D1C5F32CE00968FFA /* main.m */; };
		65A425311C5F32CE00968FFA /* AppDelegate.m in Sources */ = {isa = PBXBuildFile; fileRef = 65A425301C5F32CE00968FFA /* AppDelegate.m */; };
		65A425391C5F32CF00968FFA /* Assets.xcassets in Resources */ = {isa = PBXBuildFile; fileRef = 65A425381C5F32CF00968FFA /* Assets.xcassets */; };
		65A4253C1C5F32CF00968FFA /* LaunchScreen.storyboard in Resources */ = {isa = PBXBuildFile; fileRef = 65A4253A1C5F32CF00968FFA /* LaunchScreen.storyboard */; };
		65A425471C5F32CF00968FFA /* MyTextTests.m in Sources */ = {isa = PBXBuildFile; fileRef = 65A425461C5F32CF00968FFA /* MyTextTests.m */; };
		65A425521C5F32CF00968FFA /* MyTextUITests.m in Sources */ = {isa = PBXBuildFile; fileRef = 65A425511C5F32CF00968FFA /* MyTextUITests.m */; };
		65F5522A1CA1082700B472F8 /* NSDictionary+Category.m in Sources */ = {isa = PBXBuildFile; fileRef = 65F552291CA1082700B472F8 /* NSDictionary+Category.m */; };
/* End PBXBuildFile section */

/* Begin PBXContainerItemProxy section */
		65A425431C5F32CF00968FFA /* PBXContainerItemProxy */ = {
			isa = PBXContainerItemProxy;
			containerPortal = 65A425211C5F32CE00968FFA /* Project object */;
			proxyType = 1;
			remoteGlobalIDString = 65A425281C5F32CE00968FFA;
			remoteInfo = MyText;
		};
		65A4254E1C5F32CF00968FFA /* PBXContainerItemProxy */ = {
			isa = PBXContainerItemProxy;
			containerPortal = 65A425211C5F32CE00968FFA /* Project object */;
			proxyType = 1;
			remoteGlobalIDString = 65A425281C5F32CE00968FFA;
			remoteInfo = MyText;
		};
/* End PBXContainerItemProxy section */

/* Begin PBXFileReference section */
		1B146B10733C45E31D7A4EC9 /* Pods.debug.xcconfig */ = {isa = PBXFileReference; includeInIndex = 1; lastKnownFileType = text.xcconfig; name = Pods.debug.xcconfig; path = "Pods/Target Support Files/Pods/Pods.debug.xcconfig"; sourceTree = "<group>"; };
		6507D5C41CA6A34100B41237 /* libReactiveCocoa.a */ = {isa = PBXFileReference; lastKnownFileType = archive.ar; name = libReactiveCocoa.a; path = "Pods/../build/Debug-iphoneos/libReactiveCocoa.a"; sourceTree = "<group>"; };
		6528E6641C7196F600B4B1E0 /* LZHBaseViewController.h */ = {isa = PBXFileReference; fileEncoding = 4; lastKnownFileType = sourcecode.c.h; path = LZHBaseViewController.h; sourceTree = "<group>"; };
		6528E6651C7196F600B4B1E0 /* LZHBaseViewController.m */ = {isa = PBXFileReference; fileEncoding = 4; lastKnownFileType = sourcecode.c.objc; path = LZHBaseViewController.m; sourceTree = "<group>"; };
		6528E66A1C7196F600B4B1E0 /* NSDate+Category.h */ = {isa = PBXFileReference; fileEncoding = 4; lastKnownFileType = sourcecode.c.h; path = "NSDate+Category.h"; sourceTree = "<group>"; };
		6528E66B1C7196F600B4B1E0 /* NSDate+Category.m */ = {isa = PBXFileReference; fileEncoding = 4; lastKnownFileType = sourcecode.c.objc; path = "NSDate+Category.m"; sourceTree = "<group>"; };
		6528E66C1C7196F600B4B1E0 /* NSDateFormatter+Category.h */ = {isa = PBXFileReference; fileEncoding = 4; lastKnownFileType = sourcecode.c.h; path = "NSDateFormatter+Category.h"; sourceTree = "<group>"; };
		6528E66D1C7196F600B4B1E0 /* NSDateFormatter+Category.m */ = {isa = PBXFileReference; fileEncoding = 4; lastKnownFileType = sourcecode.c.objc; path = "NSDateFormatter+Category.m"; sourceTree = "<group>"; };
		6528E66E1C7196F600B4B1E0 /* NSObject+LZHCategory.h */ = {isa = PBXFileReference; fileEncoding = 4; lastKnownFileType = sourcecode.c.h; path = "NSObject+LZHCategory.h"; sourceTree = "<group>"; };
		6528E66F1C7196F600B4B1E0 /* NSObject+LZHCategory.m */ = {isa = PBXFileReference; fileEncoding = 4; lastKnownFileType = sourcecode.c.objc; path = "NSObject+LZHCategory.m"; sourceTree = "<group>"; };
		6528E6861C7196F600B4B1E0 /* LZHContext.h */ = {isa = PBXFileReference; fileEncoding = 4; lastKnownFileType = sourcecode.c.h; path = LZHContext.h; sourceTree = "<group>"; };
		6528E6A41C7196F600B4B1E0 /* JKAlertDialog.h */ = {isa = PBXFileReference; fileEncoding = 4; lastKnownFileType = sourcecode.c.h; path = JKAlertDialog.h; sourceTree = "<group>"; };
		6528E6A51C7196F600B4B1E0 /* JKAlertDialog.m */ = {isa = PBXFileReference; fileEncoding = 4; lastKnownFileType = sourcecode.c.objc; path = JKAlertDialog.m; sourceTree = "<group>"; };
		6528E7151C7196F700B4B1E0 /* VOContentLayer.h */ = {isa = PBXFileReference; fileEncoding = 4; lastKnownFileType = sourcecode.c.h; path = VOContentLayer.h; sourceTree = "<group>"; };
		6528E7161C7196F700B4B1E0 /* VOContentLayer.m */ = {isa = PBXFileReference; fileEncoding = 4; lastKnownFileType = sourcecode.c.objc; path = VOContentLayer.m; sourceTree = "<group>"; };
		6528E7171C7196F700B4B1E0 /* VOIndicatorAnimation.h */ = {isa = PBXFileReference; fileEncoding = 4; lastKnownFileType = sourcecode.c.h; path = VOIndicatorAnimation.h; sourceTree = "<group>"; };
		6528E7181C7196F700B4B1E0 /* VOIndicatorAnimation.m */ = {isa = PBXFileReference; fileEncoding = 4; lastKnownFileType = sourcecode.c.objc; path = VOIndicatorAnimation.m; sourceTree = "<group>"; };
		6528E7191C7196F700B4B1E0 /* VOSegment.h */ = {isa = PBXFileReference; fileEncoding = 4; lastKnownFileType = sourcecode.c.h; path = VOSegment.h; sourceTree = "<group>"; };
		6528E71A1C7196F700B4B1E0 /* VOSegment.m */ = {isa = PBXFileReference; fileEncoding = 4; lastKnownFileType = sourcecode.c.objc; path = VOSegment.m; sourceTree = "<group>"; };
		6528E71B1C7196F700B4B1E0 /* VOSegmentedControl.h */ = {isa = PBXFileReference; fileEncoding = 4; lastKnownFileType = sourcecode.c.h; path = VOSegmentedControl.h; sourceTree = "<group>"; };
		6528E71C1C7196F700B4B1E0 /* VOSegmentedControl.m */ = {isa = PBXFileReference; fileEncoding = 4; lastKnownFileType = sourcecode.c.objc; path = VOSegmentedControl.m; sourceTree = "<group>"; };
		6528E7211C7196F700B4B1E0 /* LZHCacheManager.h */ = {isa = PBXFileReference; fileEncoding = 4; lastKnownFileType = sourcecode.c.h; path = LZHCacheManager.h; sourceTree = "<group>"; };
		6528E7221C7196F700B4B1E0 /* LZHCacheManager.m */ = {isa = PBXFileReference; fileEncoding = 4; lastKnownFileType = sourcecode.c.objc; path = LZHCacheManager.m; sourceTree = "<group>"; };
		6528E72A1C7196F700B4B1E0 /* LZHBaseModel.h */ = {isa = PBXFileReference; fileEncoding = 4; lastKnownFileType = sourcecode.c.h; path = LZHBaseModel.h; sourceTree = "<group>"; };
		6528E72B1C7196F700B4B1E0 /* LZHBaseModel.m */ = {isa = PBXFileReference; fileEncoding = 4; lastKnownFileType = sourcecode.c.objc; path = LZHBaseModel.m; sourceTree = "<group>"; };
		6528E7841C71991300B4B1E0 /* UIViewController+Category.h */ = {isa = PBXFileReference; fileEncoding = 4; lastKnownFileType = sourcecode.c.h; path = "UIViewController+Category.h"; sourceTree = "<group>"; };
		6528E7851C71991300B4B1E0 /* UIViewController+Category.m */ = {isa = PBXFileReference; fileEncoding = 4; lastKnownFileType = sourcecode.c.objc; path = "UIViewController+Category.m"; sourceTree = "<group>"; };
		6528E7871C71994300B4B1E0 /* UIView+Category.h */ = {isa = PBXFileReference; fileEncoding = 4; lastKnownFileType = sourcecode.c.h; path = "UIView+Category.h"; sourceTree = "<group>"; };
		6528E7881C71994300B4B1E0 /* UIView+Category.m */ = {isa = PBXFileReference; fileEncoding = 4; lastKnownFileType = sourcecode.c.objc; path = "UIView+Category.m"; sourceTree = "<group>"; };
		6528E78A1C71996E00B4B1E0 /* NSString+Category.h */ = {isa = PBXFileReference; fileEncoding = 4; lastKnownFileType = sourcecode.c.h; path = "NSString+Category.h"; sourceTree = "<group>"; };
		6528E78B1C71996E00B4B1E0 /* NSString+Category.m */ = {isa = PBXFileReference; fileEncoding = 4; lastKnownFileType = sourcecode.c.objc; path = "NSString+Category.m"; sourceTree = "<group>"; };
		6528E78D1C7199F300B4B1E0 /* UIColor+Category.h */ = {isa = PBXFileReference; fileEncoding = 4; lastKnownFileType = sourcecode.c.h; path = "UIColor+Category.h"; sourceTree = "<group>"; };
		6528E78E1C7199F300B4B1E0 /* UIColor+Category.m */ = {isa = PBXFileReference; fileEncoding = 4; lastKnownFileType = sourcecode.c.objc; path = "UIColor+Category.m"; sourceTree = "<group>"; };
		6528E7901C719C8100B4B1E0 /* UINavigationController+Category.h */ = {isa = PBXFileReference; fileEncoding = 4; lastKnownFileType = sourcecode.c.h; path = "UINavigationController+Category.h"; sourceTree = "<group>"; };
		6528E7911C719C8100B4B1E0 /* UINavigationController+Category.m */ = {isa = PBXFileReference; fileEncoding = 4; lastKnownFileType = sourcecode.c.objc; path = "UINavigationController+Category.m"; sourceTree = "<group>"; };
		6528E7961C719CCD00B4B1E0 /* UIScrollView+Category.h */ = {isa = PBXFileReference; fileEncoding = 4; lastKnownFileType = sourcecode.c.h; path = "UIScrollView+Category.h"; sourceTree = "<group>"; };
		6528E7971C719CCD00B4B1E0 /* UIScrollView+Category.m */ = {isa = PBXFileReference; fileEncoding = 4; lastKnownFileType = sourcecode.c.objc; path = "UIScrollView+Category.m"; sourceTree = "<group>"; };
		6528E7991C719D7A00B4B1E0 /* UITabBarController+Category.h */ = {isa = PBXFileReference; fileEncoding = 4; lastKnownFileType = sourcecode.c.h; path = "UITabBarController+Category.h"; sourceTree = "<group>"; };
		6528E79A1C719D7A00B4B1E0 /* UITabBarController+Category.m */ = {isa = PBXFileReference; fileEncoding = 4; lastKnownFileType = sourcecode.c.objc; path = "UITabBarController+Category.m"; sourceTree = "<group>"; };
		6528E7A01C71B96000B4B1E0 /* StackViewTextViewController.h */ = {isa = PBXFileReference; fileEncoding = 4; lastKnownFileType = sourcecode.c.h; path = StackViewTextViewController.h; sourceTree = "<group>"; };
		6528E7A11C71B96000B4B1E0 /* StackViewTextViewController.m */ = {isa = PBXFileReference; fileEncoding = 4; lastKnownFileType = sourcecode.c.objc; path = StackViewTextViewController.m; sourceTree = "<group>"; };
		6528E7A31C71BA4A00B4B1E0 /* PrefixHeader.pch */ = {isa = PBXFileReference; lastKnownFileType = sourcecode.c.h; path = PrefixHeader.pch; sourceTree = "<group>"; };
		654FD2EC1C7E9519006055A6 /* UIControl+Category.h */ = {isa = PBXFileReference; fileEncoding = 4; lastKnownFileType = sourcecode.c.h; path = "UIControl+Category.h"; sourceTree = "<group>"; };
		654FD2ED1C7E9519006055A6 /* UIControl+Category.m */ = {isa = PBXFileReference; fileEncoding = 4; lastKnownFileType = sourcecode.c.objc; path = "UIControl+Category.m"; sourceTree = "<group>"; };
		654FD2F41C7E96ED006055A6 /* ALActionBlockWrapper.h */ = {isa = PBXFileReference; fileEncoding = 4; lastKnownFileType = sourcecode.c.h; path = ALActionBlockWrapper.h; sourceTree = "<group>"; };
		654FD2F51C7E96ED006055A6 /* ALActionBlockWrapper.m */ = {isa = PBXFileReference; fileEncoding = 4; lastKnownFileType = sourcecode.c.objc; path = ALActionBlockWrapper.m; sourceTree = "<group>"; };
		654FD2F71C7E9745006055A6 /* UIGestureRecognizer+Category.h */ = {isa = PBXFileReference; fileEncoding = 4; lastKnownFileType = sourcecode.c.h; path = "UIGestureRecognizer+Category.h"; sourceTree = "<group>"; };
		654FD2F81C7E9745006055A6 /* UIGestureRecognizer+Category.m */ = {isa = PBXFileReference; fileEncoding = 4; lastKnownFileType = sourcecode.c.objc; path = "UIGestureRecognizer+Category.m"; sourceTree = "<group>"; };
		654FD2FA1C7E97A6006055A6 /* UIBarButtonItem+Category.h */ = {isa = PBXFileReference; fileEncoding = 4; lastKnownFileType = sourcecode.c.h; path = "UIBarButtonItem+Category.h"; sourceTree = "<group>"; };
		654FD2FB1C7E97A6006055A6 /* UIBarButtonItem+Category.m */ = {isa = PBXFileReference; fileEncoding = 4; lastKnownFileType = sourcecode.c.objc; path = "UIBarButtonItem+Category.m"; sourceTree = "<group>"; };
		655570081C743ECD005274EC /* UIImageView+Categary.h */ = {isa = PBXFileReference; fileEncoding = 4; lastKnownFileType = sourcecode.c.h; path = "UIImageView+Categary.h"; sourceTree = "<group>"; };
		655570091C743ECD005274EC /* UIImageView+Categary.m */ = {isa = PBXFileReference; fileEncoding = 4; lastKnownFileType = sourcecode.c.objc; path = "UIImageView+Categary.m"; sourceTree = "<group>"; };
		6555700B1C743F2C005274EC /* UITableView+Catrgory.h */ = {isa = PBXFileReference; fileEncoding = 4; lastKnownFileType = sourcecode.c.h; path = "UITableView+Catrgory.h"; sourceTree = "<group>"; };
		6555700C1C743F2C005274EC /* UITableView+Catrgory.m */ = {isa = PBXFileReference; fileEncoding = 4; lastKnownFileType = sourcecode.c.objc; path = "UITableView+Catrgory.m"; sourceTree = "<group>"; };
		6555700E1C7443C9005274EC /* UIResponder+Catrgory.h */ = {isa = PBXFileReference; fileEncoding = 4; lastKnownFileType = sourcecode.c.h; path = "UIResponder+Catrgory.h"; sourceTree = "<group>"; };
		6555700F1C7443C9005274EC /* UIResponder+Catrgory.m */ = {isa = PBXFileReference; fileEncoding = 4; lastKnownFileType = sourcecode.c.objc; path = "UIResponder+Catrgory.m"; sourceTree = "<group>"; };
		655570111C74465B005274EC /* UITextView+Category.h */ = {isa = PBXFileReference; fileEncoding = 4; lastKnownFileType = sourcecode.c.h; path = "UITextView+Category.h"; sourceTree = "<group>"; };
		655570121C74465B005274EC /* UITextView+Category.m */ = {isa = PBXFileReference; fileEncoding = 4; lastKnownFileType = sourcecode.c.objc; path = "UITextView+Category.m"; sourceTree = "<group>"; };
		65729BE21CF307F200E4BC34 /* huodongcuxiao.png */ = {isa = PBXFileReference; lastKnownFileType = image.png; path = huodongcuxiao.png; sourceTree = "<group>"; };
		65729BED1CF30B7A00E4BC34 /* XIBViewController.h */ = {isa = PBXFileReference; fileEncoding = 4; lastKnownFileType = sourcecode.c.h; path = XIBViewController.h; sourceTree = "<group>"; };
		65729BEE1CF30B7A00E4BC34 /* XIBViewController.m */ = {isa = PBXFileReference; fileEncoding = 4; lastKnownFileType = sourcecode.c.objc; path = XIBViewController.m; sourceTree = "<group>"; };
		65729BEF1CF30B7A00E4BC34 /* XIBViewController.xib */ = {isa = PBXFileReference; fileEncoding = 4; lastKnownFileType = file.xib; path = XIBViewController.xib; sourceTree = "<group>"; };
		6572EAE31C7B09D400D27CD9 /* ViewController.h */ = {isa = PBXFileReference; fileEncoding = 4; lastKnownFileType = sourcecode.c.h; path = ViewController.h; sourceTree = "<group>"; };
		6572EAE41C7B09D400D27CD9 /* ViewController.m */ = {isa = PBXFileReference; fileEncoding = 4; lastKnownFileType = sourcecode.c.objc; path = ViewController.m; sourceTree = "<group>"; };
		65973D531CF42A9300847FC5 /* UIImage+Category.h */ = {isa = PBXFileReference; fileEncoding = 4; lastKnownFileType = sourcecode.c.h; path = "UIImage+Category.h"; sourceTree = "<group>"; };
		65973D541CF42A9300847FC5 /* UIImage+Category.m */ = {isa = PBXFileReference; fileEncoding = 4; lastKnownFileType = sourcecode.c.objc; path = "UIImage+Category.m"; sourceTree = "<group>"; };
		65A425291C5F32CE00968FFA /* MyText.app */ = {isa = PBXFileReference; explicitFileType = wrapper.application; includeInIndex = 0; path = MyText.app; sourceTree = BUILT_PRODUCTS_DIR; };
		65A4252D1C5F32CE00968FFA /* main.m */ = {isa = PBXFileReference; lastKnownFileType = sourcecode.c.objc; path = main.m; sourceTree = "<group>"; };
		65A4252F1C5F32CE00968FFA /* AppDelegate.h */ = {isa = PBXFileReference; lastKnownFileType = sourcecode.c.h; path = AppDelegate.h; sourceTree = "<group>"; };
		65A425301C5F32CE00968FFA /* AppDelegate.m */ = {isa = PBXFileReference; lastKnownFileType = sourcecode.c.objc; path = AppDelegate.m; sourceTree = "<group>"; };
		65A425381C5F32CF00968FFA /* Assets.xcassets */ = {isa = PBXFileReference; lastKnownFileType = folder.assetcatalog; path = Assets.xcassets; sourceTree = "<group>"; };
		65A4253B1C5F32CF00968FFA /* Base */ = {isa = PBXFileReference; lastKnownFileType = file.storyboard; name = Base; path = Base.lproj/LaunchScreen.storyboard; sourceTree = "<group>"; };
		65A4253D1C5F32CF00968FFA /* Info.plist */ = {isa = PBXFileReference; lastKnownFileType = text.plist.xml; path = Info.plist; sourceTree = "<group>"; };
		65A425421C5F32CF00968FFA /* MyTextTests.xctest */ = {isa = PBXFileReference; explicitFileType = wrapper.cfbundle; includeInIndex = 0; path = MyTextTests.xctest; sourceTree = BUILT_PRODUCTS_DIR; };
		65A425461C5F32CF00968FFA /* MyTextTests.m */ = {isa = PBXFileReference; lastKnownFileType = sourcecode.c.objc; path = MyTextTests.m; sourceTree = "<group>"; };
		65A425481C5F32CF00968FFA /* Info.plist */ = {isa = PBXFileReference; lastKnownFileType = text.plist.xml; path = Info.plist; sourceTree = "<group>"; };
		65A4254D1C5F32CF00968FFA /* MyTextUITests.xctest */ = {isa = PBXFileReference; explicitFileType = wrapper.cfbundle; includeInIndex = 0; path = MyTextUITests.xctest; sourceTree = BUILT_PRODUCTS_DIR; };
		65A425511C5F32CF00968FFA /* MyTextUITests.m */ = {isa = PBXFileReference; lastKnownFileType = sourcecode.c.objc; path = MyTextUITests.m; sourceTree = "<group>"; };
		65A425531C5F32CF00968FFA /* Info.plist */ = {isa = PBXFileReference; lastKnownFileType = text.plist.xml; path = Info.plist; sourceTree = "<group>"; };
		65F552281CA1082700B472F8 /* NSDictionary+Category.h */ = {isa = PBXFileReference; fileEncoding = 4; lastKnownFileType = sourcecode.c.h; path = "NSDictionary+Category.h"; sourceTree = "<group>"; };
		65F552291CA1082700B472F8 /* NSDictionary+Category.m */ = {isa = PBXFileReference; fileEncoding = 4; lastKnownFileType = sourcecode.c.objc; path = "NSDictionary+Category.m"; sourceTree = "<group>"; };
		A0ADA244ED4C6FFCDAC200FF /* Pods.release.xcconfig */ = {isa = PBXFileReference; includeInIndex = 1; lastKnownFileType = text.xcconfig; name = Pods.release.xcconfig; path = "Pods/Target Support Files/Pods/Pods.release.xcconfig"; sourceTree = "<group>"; };
		E363091D312156B62A91EC35 /* libPods.a */ = {isa = PBXFileReference; explicitFileType = archive.ar; includeInIndex = 0; path = libPods.a; sourceTree = BUILT_PRODUCTS_DIR; };
/* End PBXFileReference section */

/* Begin PBXFrameworksBuildPhase section */
		65A425261C5F32CE00968FFA /* Frameworks */ = {
			isa = PBXFrameworksBuildPhase;
			buildActionMask = 2147483647;
			files = (
				6507D5C51CA6A34100B41237 /* libReactiveCocoa.a in Frameworks */,
				4D72BF525B40041E678B9E86 /* libPods.a in Frameworks */,
			);
			runOnlyForDeploymentPostprocessing = 0;
		};
		65A4253F1C5F32CF00968FFA /* Frameworks */ = {
			isa = PBXFrameworksBuildPhase;
			buildActionMask = 2147483647;
			files = (
			);
			runOnlyForDeploymentPostprocessing = 0;
		};
		65A4254A1C5F32CF00968FFA /* Frameworks */ = {
			isa = PBXFrameworksBuildPhase;
			buildActionMask = 2147483647;
			files = (
			);
			runOnlyForDeploymentPostprocessing = 0;
		};
/* End PBXFrameworksBuildPhase section */

/* Begin PBXGroup section */
		0E45853834CD5DCC795C0308 /* Pods */ = {
			isa = PBXGroup;
			children = (
				1B146B10733C45E31D7A4EC9 /* Pods.debug.xcconfig */,
				A0ADA244ED4C6FFCDAC200FF /* Pods.release.xcconfig */,
			);
			name = Pods;
			sourceTree = "<group>";
		};
		6528E6621C7196F600B4B1E0 /* LZH */ = {
			isa = PBXGroup;
			children = (
				6528E6631C7196F600B4B1E0 /* Controller */,
				6528E6661C7196F600B4B1E0 /* LZHFrameWork */,
				6528E7291C7196F700B4B1E0 /* Model */,
				6528E72C1C7196F700B4B1E0 /* View */,
			);
			path = LZH;
			sourceTree = "<group>";
		};
		6528E6631C7196F600B4B1E0 /* Controller */ = {
			isa = PBXGroup;
			children = (
				6528E6641C7196F600B4B1E0 /* LZHBaseViewController.h */,
				6528E6651C7196F600B4B1E0 /* LZHBaseViewController.m */,
			);
			path = Controller;
			sourceTree = "<group>";
		};
		6528E6661C7196F600B4B1E0 /* LZHFrameWork */ = {
			isa = PBXGroup;
			children = (
				6528E6671C7196F600B4B1E0 /* Category */,
				6528E6861C7196F600B4B1E0 /* LZHContext.h */,
				6528E6871C7196F600B4B1E0 /* ThreeParty */,
				6528E7201C7196F700B4B1E0 /* Uititlity */,
			);
			path = LZHFrameWork;
			sourceTree = "<group>";
		};
		6528E6671C7196F600B4B1E0 /* Category */ = {
			isa = PBXGroup;
			children = (
				6528E66A1C7196F600B4B1E0 /* NSDate+Category.h */,
				6528E66B1C7196F600B4B1E0 /* NSDate+Category.m */,
				6528E66C1C7196F600B4B1E0 /* NSDateFormatter+Category.h */,
				6528E66D1C7196F600B4B1E0 /* NSDateFormatter+Category.m */,
				6528E66E1C7196F600B4B1E0 /* NSObject+LZHCategory.h */,
				6528E66F1C7196F600B4B1E0 /* NSObject+LZHCategory.m */,
				6528E78A1C71996E00B4B1E0 /* NSString+Category.h */,
				6528E78B1C71996E00B4B1E0 /* NSString+Category.m */,
				65F552281CA1082700B472F8 /* NSDictionary+Category.h */,
				65F552291CA1082700B472F8 /* NSDictionary+Category.m */,
				6528E7841C71991300B4B1E0 /* UIViewController+Category.h */,
				6528E7851C71991300B4B1E0 /* UIViewController+Category.m */,
				6528E7871C71994300B4B1E0 /* UIView+Category.h */,
				6528E7881C71994300B4B1E0 /* UIView+Category.m */,
				6528E78D1C7199F300B4B1E0 /* UIColor+Category.h */,
				6528E78E1C7199F300B4B1E0 /* UIColor+Category.m */,
				6528E7901C719C8100B4B1E0 /* UINavigationController+Category.h */,
				6528E7911C719C8100B4B1E0 /* UINavigationController+Category.m */,
				6528E7961C719CCD00B4B1E0 /* UIScrollView+Category.h */,
				6528E7971C719CCD00B4B1E0 /* UIScrollView+Category.m */,
				6528E7991C719D7A00B4B1E0 /* UITabBarController+Category.h */,
				6528E79A1C719D7A00B4B1E0 /* UITabBarController+Category.m */,
				655570081C743ECD005274EC /* UIImageView+Categary.h */,
				655570091C743ECD005274EC /* UIImageView+Categary.m */,
				65973D531CF42A9300847FC5 /* UIImage+Category.h */,
				65973D541CF42A9300847FC5 /* UIImage+Category.m */,
				6555700B1C743F2C005274EC /* UITableView+Catrgory.h */,
				6555700C1C743F2C005274EC /* UITableView+Catrgory.m */,
				6555700E1C7443C9005274EC /* UIResponder+Catrgory.h */,
				6555700F1C7443C9005274EC /* UIResponder+Catrgory.m */,
				655570111C74465B005274EC /* UITextView+Category.h */,
				655570121C74465B005274EC /* UITextView+Category.m */,
				654FD2EC1C7E9519006055A6 /* UIControl+Category.h */,
				654FD2ED1C7E9519006055A6 /* UIControl+Category.m */,
				654FD2F71C7E9745006055A6 /* UIGestureRecognizer+Category.h */,
				654FD2F81C7E9745006055A6 /* UIGestureRecognizer+Category.m */,
				654FD2FA1C7E97A6006055A6 /* UIBarButtonItem+Category.h */,
				654FD2FB1C7E97A6006055A6 /* UIBarButtonItem+Category.m */,
				654FD2F41C7E96ED006055A6 /* ALActionBlockWrapper.h */,
				654FD2F51C7E96ED006055A6 /* ALActionBlockWrapper.m */,
			);
			path = Category;
			sourceTree = "<group>";
		};
		6528E6871C7196F600B4B1E0 /* ThreeParty */ = {
			isa = PBXGroup;
			children = (
				6528E6A31C7196F600B4B1E0 /* JKAlertDialog */,
				6528E7141C7196F700B4B1E0 /* VOSegmentedControl */,
			);
			path = ThreeParty;
			sourceTree = "<group>";
		};
		6528E6A31C7196F600B4B1E0 /* JKAlertDialog */ = {
			isa = PBXGroup;
			children = (
				6528E6A41C7196F600B4B1E0 /* JKAlertDialog.h */,
				6528E6A51C7196F600B4B1E0 /* JKAlertDialog.m */,
			);
			path = JKAlertDialog;
			sourceTree = "<group>";
		};
		6528E7141C7196F700B4B1E0 /* VOSegmentedControl */ = {
			isa = PBXGroup;
			children = (
				6528E7151C7196F700B4B1E0 /* VOContentLayer.h */,
				6528E7161C7196F700B4B1E0 /* VOContentLayer.m */,
				6528E7171C7196F700B4B1E0 /* VOIndicatorAnimation.h */,
				6528E7181C7196F700B4B1E0 /* VOIndicatorAnimation.m */,
				6528E7191C7196F700B4B1E0 /* VOSegment.h */,
				6528E71A1C7196F700B4B1E0 /* VOSegment.m */,
				6528E71B1C7196F700B4B1E0 /* VOSegmentedControl.h */,
				6528E71C1C7196F700B4B1E0 /* VOSegmentedControl.m */,
			);
			path = VOSegmentedControl;
			sourceTree = "<group>";
		};
		6528E7201C7196F700B4B1E0 /* Uititlity */ = {
			isa = PBXGroup;
			children = (
				6528E7211C7196F700B4B1E0 /* LZHCacheManager.h */,
				6528E7221C7196F700B4B1E0 /* LZHCacheManager.m */,
			);
			path = Uititlity;
			sourceTree = "<group>";
		};
		6528E7291C7196F700B4B1E0 /* Model */ = {
			isa = PBXGroup;
			children = (
				6528E72A1C7196F700B4B1E0 /* LZHBaseModel.h */,
				6528E72B1C7196F700B4B1E0 /* LZHBaseModel.m */,
			);
			path = Model;
			sourceTree = "<group>";
		};
		6528E72C1C7196F700B4B1E0 /* View */ = {
			isa = PBXGroup;
			children = (
			);
			path = View;
			sourceTree = "<group>";
		};
		65A425201C5F32CE00968FFA = {
			isa = PBXGroup;
			children = (
				65A4252B1C5F32CE00968FFA /* MyText */,
				65A425451C5F32CF00968FFA /* MyTextTests */,
				65A425501C5F32CF00968FFA /* MyTextUITests */,
				65A4252A1C5F32CE00968FFA /* Products */,
				0E45853834CD5DCC795C0308 /* Pods */,
				FFD6D2FE13CC6615E6856DB7 /* Frameworks */,
			);
			sourceTree = "<group>";
		};
		65A4252A1C5F32CE00968FFA /* Products */ = {
			isa = PBXGroup;
			children = (
				65A425291C5F32CE00968FFA /* MyText.app */,
				65A425421C5F32CF00968FFA /* MyTextTests.xctest */,
				65A4254D1C5F32CF00968FFA /* MyTextUITests.xctest */,
			);
			name = Products;
			sourceTree = "<group>";
		};
		65A4252B1C5F32CE00968FFA /* MyText */ = {
			isa = PBXGroup;
			children = (
				6528E6621C7196F600B4B1E0 /* LZH */,
				65A4252F1C5F32CE00968FFA /* AppDelegate.h */,
				65A425301C5F32CE00968FFA /* AppDelegate.m */,
				6572EAE31C7B09D400D27CD9 /* ViewController.h */,
				6572EAE41C7B09D400D27CD9 /* ViewController.m */,
				65729BED1CF30B7A00E4BC34 /* XIBViewController.h */,
				65729BEE1CF30B7A00E4BC34 /* XIBViewController.m */,
				65729BEF1CF30B7A00E4BC34 /* XIBViewController.xib */,
				6528E7A31C71BA4A00B4B1E0 /* PrefixHeader.pch */,
				6528E7A01C71B96000B4B1E0 /* StackViewTextViewController.h */,
				6528E7A11C71B96000B4B1E0 /* StackViewTextViewController.m */,
				65729BE21CF307F200E4BC34 /* huodongcuxiao.png */,
				65A425381C5F32CF00968FFA /* Assets.xcassets */,
				65A4253A1C5F32CF00968FFA /* LaunchScreen.storyboard */,
				65A4253D1C5F32CF00968FFA /* Info.plist */,
				65A4252C1C5F32CE00968FFA /* Supporting Files */,
			);
			path = MyText;
			sourceTree = "<group>";
		};
		65A4252C1C5F32CE00968FFA /* Supporting Files */ = {
			isa = PBXGroup;
			children = (
				65A4252D1C5F32CE00968FFA /* main.m */,
			);
			name = "Supporting Files";
			sourceTree = "<group>";
		};
		65A425451C5F32CF00968FFA /* MyTextTests */ = {
			isa = PBXGroup;
			children = (
				65A425461C5F32CF00968FFA /* MyTextTests.m */,
				65A425481C5F32CF00968FFA /* Info.plist */,
			);
			path = MyTextTests;
			sourceTree = "<group>";
		};
		65A425501C5F32CF00968FFA /* MyTextUITests */ = {
			isa = PBXGroup;
			children = (
				65A425511C5F32CF00968FFA /* MyTextUITests.m */,
				65A425531C5F32CF00968FFA /* Info.plist */,
			);
			path = MyTextUITests;
			sourceTree = "<group>";
		};
		FFD6D2FE13CC6615E6856DB7 /* Frameworks */ = {
			isa = PBXGroup;
			children = (
				6507D5C41CA6A34100B41237 /* libReactiveCocoa.a */,
				E363091D312156B62A91EC35 /* libPods.a */,
			);
			name = Frameworks;
			sourceTree = "<group>";
		};
/* End PBXGroup section */

/* Begin PBXNativeTarget section */
		65A425281C5F32CE00968FFA /* MyText */ = {
			isa = PBXNativeTarget;
			buildConfigurationList = 65A425561C5F32CF00968FFA /* Build configuration list for PBXNativeTarget "MyText" */;
			buildPhases = (
				2100165FA9567F22113C12FA /* Check Pods Manifest.lock */,
				65A425251C5F32CE00968FFA /* Sources */,
				65A425261C5F32CE00968FFA /* Frameworks */,
				65A425271C5F32CE00968FFA /* Resources */,
				772193B719615706CDC78E9C /* Embed Pods Frameworks */,
				25ADDF98E30C61EEA6BA07D1 /* Copy Pods Resources */,
			);
			buildRules = (
			);
			dependencies = (
			);
			name = MyText;
			productName = MyText;
			productReference = 65A425291C5F32CE00968FFA /* MyText.app */;
			productType = "com.apple.product-type.application";
		};
		65A425411C5F32CF00968FFA /* MyTextTests */ = {
			isa = PBXNativeTarget;
			buildConfigurationList = 65A425591C5F32CF00968FFA /* Build configuration list for PBXNativeTarget "MyTextTests" */;
			buildPhases = (
				65A4253E1C5F32CF00968FFA /* Sources */,
				65A4253F1C5F32CF00968FFA /* Frameworks */,
				65A425401C5F32CF00968FFA /* Resources */,
			);
			buildRules = (
			);
			dependencies = (
				65A425441C5F32CF00968FFA /* PBXTargetDependency */,
			);
			name = MyTextTests;
			productName = MyTextTests;
			productReference = 65A425421C5F32CF00968FFA /* MyTextTests.xctest */;
			productType = "com.apple.product-type.bundle.unit-test";
		};
		65A4254C1C5F32CF00968FFA /* MyTextUITests */ = {
			isa = PBXNativeTarget;
			buildConfigurationList = 65A4255C1C5F32CF00968FFA /* Build configuration list for PBXNativeTarget "MyTextUITests" */;
			buildPhases = (
				65A425491C5F32CF00968FFA /* Sources */,
				65A4254A1C5F32CF00968FFA /* Frameworks */,
				65A4254B1C5F32CF00968FFA /* Resources */,
			);
			buildRules = (
			);
			dependencies = (
				65A4254F1C5F32CF00968FFA /* PBXTargetDependency */,
			);
			name = MyTextUITests;
			productName = MyTextUITests;
			productReference = 65A4254D1C5F32CF00968FFA /* MyTextUITests.xctest */;
			productType = "com.apple.product-type.bundle.ui-testing";
		};
/* End PBXNativeTarget section */

/* Begin PBXProject section */
		65A425211C5F32CE00968FFA /* Project object */ = {
			isa = PBXProject;
			attributes = {
				LastUpgradeCheck = 0720;
				ORGANIZATIONNAME = "刘志豪";
				TargetAttributes = {
					65A425281C5F32CE00968FFA = {
						CreatedOnToolsVersion = 7.2;
					};
					65A425411C5F32CF00968FFA = {
						CreatedOnToolsVersion = 7.2;
						TestTargetID = 65A425281C5F32CE00968FFA;
					};
					65A4254C1C5F32CF00968FFA = {
						CreatedOnToolsVersion = 7.2;
						TestTargetID = 65A425281C5F32CE00968FFA;
					};
				};
			};
			buildConfigurationList = 65A425241C5F32CE00968FFA /* Build configuration list for PBXProject "MyText" */;
			compatibilityVersion = "Xcode 3.2";
			developmentRegion = English;
			hasScannedForEncodings = 0;
			knownRegions = (
				en,
				Base,
				"zh-Hans",
			);
			mainGroup = 65A425201C5F32CE00968FFA;
			productRefGroup = 65A4252A1C5F32CE00968FFA /* Products */;
			projectDirPath = "";
			projectRoot = "";
			targets = (
				65A425281C5F32CE00968FFA /* MyText */,
				65A425411C5F32CF00968FFA /* MyTextTests */,
				65A4254C1C5F32CF00968FFA /* MyTextUITests */,
			);
		};
/* End PBXProject section */

/* Begin PBXResourcesBuildPhase section */
		65A425271C5F32CE00968FFA /* Resources */ = {
			isa = PBXResourcesBuildPhase;
			buildActionMask = 2147483647;
			files = (
				65729BF11CF30B7A00E4BC34 /* XIBViewController.xib in Resources */,
				65A4253C1C5F32CF00968FFA /* LaunchScreen.storyboard in Resources */,
				65729BE31CF307F200E4BC34 /* huodongcuxiao.png in Resources */,
				65A425391C5F32CF00968FFA /* Assets.xcassets in Resources */,
			);
			runOnlyForDeploymentPostprocessing = 0;
		};
		65A425401C5F32CF00968FFA /* Resources */ = {
			isa = PBXResourcesBuildPhase;
			buildActionMask = 2147483647;
			files = (
			);
			runOnlyForDeploymentPostprocessing = 0;
		};
		65A4254B1C5F32CF00968FFA /* Resources */ = {
			isa = PBXResourcesBuildPhase;
			buildActionMask = 2147483647;
			files = (
			);
			runOnlyForDeploymentPostprocessing = 0;
		};
/* End PBXResourcesBuildPhase section */

/* Begin PBXShellScriptBuildPhase section */
		2100165FA9567F22113C12FA /* Check Pods Manifest.lock */ = {
			isa = PBXShellScriptBuildPhase;
			buildActionMask = 2147483647;
			files = (
			);
			inputPaths = (
			);
			name = "Check Pods Manifest.lock";
			outputPaths = (
			);
			runOnlyForDeploymentPostprocessing = 0;
			shellPath = /bin/sh;
			shellScript = "diff \"${PODS_ROOT}/../Podfile.lock\" \"${PODS_ROOT}/Manifest.lock\" > /dev/null\nif [[ $? != 0 ]] ; then\n    cat << EOM\nerror: The sandbox is not in sync with the Podfile.lock. Run 'pod install' or update your CocoaPods installation.\nEOM\n    exit 1\nfi\n";
			showEnvVarsInLog = 0;
		};
		25ADDF98E30C61EEA6BA07D1 /* Copy Pods Resources */ = {
			isa = PBXShellScriptBuildPhase;
			buildActionMask = 2147483647;
			files = (
			);
			inputPaths = (
			);
			name = "Copy Pods Resources";
			outputPaths = (
			);
			runOnlyForDeploymentPostprocessing = 0;
			shellPath = /bin/sh;
			shellScript = "\"${SRCROOT}/Pods/Target Support Files/Pods/Pods-resources.sh\"\n";
			showEnvVarsInLog = 0;
		};
		772193B719615706CDC78E9C /* Embed Pods Frameworks */ = {
			isa = PBXShellScriptBuildPhase;
			buildActionMask = 2147483647;
			files = (
			);
			inputPaths = (
			);
			name = "Embed Pods Frameworks";
			outputPaths = (
			);
			runOnlyForDeploymentPostprocessing = 0;
			shellPath = /bin/sh;
			shellScript = "\"${SRCROOT}/Pods/Target Support Files/Pods/Pods-frameworks.sh\"\n";
			showEnvVarsInLog = 0;
		};
/* End PBXShellScriptBuildPhase section */

/* Begin PBXSourcesBuildPhase section */
		65A425251C5F32CE00968FFA /* Sources */ = {
			isa = PBXSourcesBuildPhase;
			buildActionMask = 2147483647;
			files = (
				6528E7311C7196F700B4B1E0 /* NSObject+LZHCategory.m in Sources */,
				654FD2F91C7E9745006055A6 /* UIGestureRecognizer+Category.m in Sources */,
				65A425311C5F32CE00968FFA /* AppDelegate.m in Sources */,
				6528E72F1C7196F700B4B1E0 /* NSDate+Category.m in Sources */,
				65729BF01CF30B7A00E4BC34 /* XIBViewController.m in Sources */,
				6528E77D1C7196F700B4B1E0 /* LZHBaseModel.m in Sources */,
				65F5522A1CA1082700B472F8 /* NSDictionary+Category.m in Sources */,
				6528E7751C7196F700B4B1E0 /* VOIndicatorAnimation.m in Sources */,
				6528E7771C7196F700B4B1E0 /* VOSegmentedControl.m in Sources */,
				6528E7761C7196F700B4B1E0 /* VOSegment.m in Sources */,
				6528E7791C7196F700B4B1E0 /* LZHCacheManager.m in Sources */,
				6528E7981C719CCD00B4B1E0 /* UIScrollView+Category.m in Sources */,
				654FD2F61C7E96ED006055A6 /* ALActionBlockWrapper.m in Sources */,
				655570131C74465B005274EC /* UITextView+Category.m in Sources */,
				6555700D1C743F2C005274EC /* UITableView+Catrgory.m in Sources */,
				6528E78C1C71996E00B4B1E0 /* NSString+Category.m in Sources */,
				655570101C7443C9005274EC /* UIResponder+Catrgory.m in Sources */,
				6528E7861C71991300B4B1E0 /* UIViewController+Category.m in Sources */,
				65973D551CF42A9300847FC5 /* UIImage+Category.m in Sources */,
				6528E7491C7196F700B4B1E0 /* JKAlertDialog.m in Sources */,
				6528E78F1C7199F300B4B1E0 /* UIColor+Category.m in Sources */,
				6555700A1C743ECD005274EC /* UIImageView+Categary.m in Sources */,
				6528E7301C7196F700B4B1E0 /* NSDateFormatter+Category.m in Sources */,
				6528E72D1C7196F700B4B1E0 /* LZHBaseViewController.m in Sources */,
				6528E7921C719C8100B4B1E0 /* UINavigationController+Category.m in Sources */,
				654FD2EE1C7E9519006055A6 /* UIControl+Category.m in Sources */,
				654FD2FC1C7E97A6006055A6 /* UIBarButtonItem+Category.m in Sources */,
				6572EAE51C7B09D400D27CD9 /* ViewController.m in Sources */,
				6528E7A21C71B96000B4B1E0 /* StackViewTextViewController.m in Sources */,
				65A4252E1C5F32CE00968FFA /* main.m in Sources */,
				6528E7741C7196F700B4B1E0 /* VOContentLayer.m in Sources */,
				6528E7891C71994300B4B1E0 /* UIView+Category.m in Sources */,
				6528E79B1C719D7A00B4B1E0 /* UITabBarController+Category.m in Sources */,
			);
			runOnlyForDeploymentPostprocessing = 0;
		};
		65A4253E1C5F32CF00968FFA /* Sources */ = {
			isa = PBXSourcesBuildPhase;
			buildActionMask = 2147483647;
			files = (
				65A425471C5F32CF00968FFA /* MyTextTests.m in Sources */,
			);
			runOnlyForDeploymentPostprocessing = 0;
		};
		65A425491C5F32CF00968FFA /* Sources */ = {
			isa = PBXSourcesBuildPhase;
			buildActionMask = 2147483647;
			files = (
				65A425521C5F32CF00968FFA /* MyTextUITests.m in Sources */,
			);
			runOnlyForDeploymentPostprocessing = 0;
		};
/* End PBXSourcesBuildPhase section */

/* Begin PBXTargetDependency section */
		65A425441C5F32CF00968FFA /* PBXTargetDependency */ = {
			isa = PBXTargetDependency;
			target = 65A425281C5F32CE00968FFA /* MyText */;
			targetProxy = 65A425431C5F32CF00968FFA /* PBXContainerItemProxy */;
		};
		65A4254F1C5F32CF00968FFA /* PBXTargetDependency */ = {
			isa = PBXTargetDependency;
			target = 65A425281C5F32CE00968FFA /* MyText */;
			targetProxy = 65A4254E1C5F32CF00968FFA /* PBXContainerItemProxy */;
		};
/* End PBXTargetDependency section */

/* Begin PBXVariantGroup section */
		65A4253A1C5F32CF00968FFA /* LaunchScreen.storyboard */ = {
			isa = PBXVariantGroup;
			children = (
				65A4253B1C5F32CF00968FFA /* Base */,
			);
			name = LaunchScreen.storyboard;
			sourceTree = "<group>";
		};
/* End PBXVariantGroup section */

/* Begin XCBuildConfiguration section */
		65A425541C5F32CF00968FFA /* Debug */ = {
			isa = XCBuildConfiguration;
			buildSettings = {
				ALWAYS_SEARCH_USER_PATHS = NO;
				CLANG_CXX_LANGUAGE_STANDARD = "gnu++0x";
				CLANG_CXX_LIBRARY = "libc++";
				CLANG_ENABLE_MODULES = YES;
				CLANG_ENABLE_OBJC_ARC = YES;
				CLANG_WARN_BOOL_CONVERSION = YES;
				CLANG_WARN_CONSTANT_CONVERSION = YES;
				CLANG_WARN_DIRECT_OBJC_ISA_USAGE = YES_ERROR;
				CLANG_WARN_EMPTY_BODY = YES;
				CLANG_WARN_ENUM_CONVERSION = YES;
				CLANG_WARN_INT_CONVERSION = YES;
				CLANG_WARN_OBJC_ROOT_CLASS = YES_ERROR;
				CLANG_WARN_UNREACHABLE_CODE = YES;
				CLANG_WARN__DUPLICATE_METHOD_MATCH = YES;
				"CODE_SIGN_IDENTITY[sdk=iphoneos*]" = "iPhone Developer";
				COPY_PHASE_STRIP = NO;
				DEBUG_INFORMATION_FORMAT = dwarf;
				ENABLE_STRICT_OBJC_MSGSEND = YES;
				ENABLE_TESTABILITY = YES;
				GCC_C_LANGUAGE_STANDARD = gnu99;
				GCC_DYNAMIC_NO_PIC = NO;
				GCC_NO_COMMON_BLOCKS = YES;
				GCC_OPTIMIZATION_LEVEL = 0;
				GCC_PREPROCESSOR_DEFINITIONS = (
					"DEBUG=1",
					"$(inherited)",
				);
				GCC_WARN_64_TO_32_BIT_CONVERSION = YES;
				GCC_WARN_ABOUT_RETURN_TYPE = YES_ERROR;
				GCC_WARN_UNDECLARED_SELECTOR = YES;
				GCC_WARN_UNINITIALIZED_AUTOS = YES_AGGRESSIVE;
				GCC_WARN_UNUSED_FUNCTION = YES;
				GCC_WARN_UNUSED_VARIABLE = YES;
				IPHONEOS_DEPLOYMENT_TARGET = 9.2;
				MTL_ENABLE_DEBUG_INFO = YES;
				ONLY_ACTIVE_ARCH = YES;
				SDKROOT = iphoneos;
				TARGETED_DEVICE_FAMILY = "1,2";
			};
			name = Debug;
		};
		65A425551C5F32CF00968FFA /* Release */ = {
			isa = XCBuildConfiguration;
			buildSettings = {
				ALWAYS_SEARCH_USER_PATHS = NO;
				CLANG_CXX_LANGUAGE_STANDARD = "gnu++0x";
				CLANG_CXX_LIBRARY = "libc++";
				CLANG_ENABLE_MODULES = YES;
				CLANG_ENABLE_OBJC_ARC = YES;
				CLANG_WARN_BOOL_CONVERSION = YES;
				CLANG_WARN_CONSTANT_CONVERSION = YES;
				CLANG_WARN_DIRECT_OBJC_ISA_USAGE = YES_ERROR;
				CLANG_WARN_EMPTY_BODY = YES;
				CLANG_WARN_ENUM_CONVERSION = YES;
				CLANG_WARN_INT_CONVERSION = YES;
				CLANG_WARN_OBJC_ROOT_CLASS = YES_ERROR;
				CLANG_WARN_UNREACHABLE_CODE = YES;
				CLANG_WARN__DUPLICATE_METHOD_MATCH = YES;
				"CODE_SIGN_IDENTITY[sdk=iphoneos*]" = "iPhone Developer";
				COPY_PHASE_STRIP = NO;
				DEBUG_INFORMATION_FORMAT = "dwarf-with-dsym";
				ENABLE_NS_ASSERTIONS = NO;
				ENABLE_STRICT_OBJC_MSGSEND = YES;
				GCC_C_LANGUAGE_STANDARD = gnu99;
				GCC_NO_COMMON_BLOCKS = YES;
				GCC_WARN_64_TO_32_BIT_CONVERSION = YES;
				GCC_WARN_ABOUT_RETURN_TYPE = YES_ERROR;
				GCC_WARN_UNDECLARED_SELECTOR = YES;
				GCC_WARN_UNINITIALIZED_AUTOS = YES_AGGRESSIVE;
				GCC_WARN_UNUSED_FUNCTION = YES;
				GCC_WARN_UNUSED_VARIABLE = YES;
				IPHONEOS_DEPLOYMENT_TARGET = 9.2;
				MTL_ENABLE_DEBUG_INFO = NO;
				SDKROOT = iphoneos;
				TARGETED_DEVICE_FAMILY = "1,2";
				VALIDATE_PRODUCT = YES;
			};
			name = Release;
		};
		65A425571C5F32CF00968FFA /* Debug */ = {
			isa = XCBuildConfiguration;
			baseConfigurationReference = 1B146B10733C45E31D7A4EC9 /* Pods.debug.xcconfig */;
			buildSettings = {
				ASSETCATALOG_COMPILER_APPICON_NAME = AppIcon;
				FRAMEWORK_SEARCH_PATHS = (
					"$(inherited)",
					"$(PROJECT_DIR)/MyText/EM/3rdparty/Parse",
				);
				GCC_PREFIX_HEADER = "$(PROJECT_DIR)/MyText/PrefixHeader.pch";
				HEADER_SEARCH_PATHS = (
					"$(inherited)",
					"\"${PODS_ROOT}/Headers/Public\"",
					"\"${PODS_ROOT}/Headers/Public/AFDownloadRequestOperation\"",
					"\"${PODS_ROOT}/Headers/Public/AFNetworking\"",
					"\"${PODS_ROOT}/Headers/Public/GPUImage\"",
					"\"${PODS_ROOT}/Headers/Public/MBProgressHUD\"",
					"\"${PODS_ROOT}/Headers/Public/Nimbus\"",
					"\"${PODS_ROOT}/Headers/Public/ReactiveCocoa\"",
					"\"${PODS_ROOT}/Headers/Public/SDAutoLayout\"",
					"\"${PODS_ROOT}/Headers/Public/SDCycleScrollView\"",
					"\"${PODS_ROOT}/Headers/Public/SDWebImage\"",
					"$(BUILD_ROOT)/../IntermediateBuildFilesPath/UninstalledProducts/include",
				);
				INFOPLIST_FILE = MyText/Info.plist;
				IPHONEOS_DEPLOYMENT_TARGET = 7.0;
				LD_RUNPATH_SEARCH_PATHS = "$(inherited) @executable_path/Frameworks";
				LIBRARY_SEARCH_PATHS = (
					"$(inherited)",
					"$(PROJECT_DIR)/MyText/EM/3rdparty/VoiceConvert/opencore-amrnb",
					"$(PROJECT_DIR)/MyText/EM/3rdparty/VoiceConvert/opencore-amrwb",
					"$(PROJECT_DIR)/MyText/EM/EaseMobSDK/lib",
					"$(PROJECT_DIR)/build/Debug-iphoneos",
				);
				PRODUCT_BUNDLE_IDENTIFIER = slzbutton.MyText;
				PRODUCT_NAME = "$(TARGET_NAME)";
			};
			name = Debug;
		};
		65A425581C5F32CF00968FFA /* Release */ = {
			isa = XCBuildConfiguration;
			baseConfigurationReference = A0ADA244ED4C6FFCDAC200FF /* Pods.release.xcconfig */;
			buildSettings = {
				ASSETCATALOG_COMPILER_APPICON_NAME = AppIcon;
				FRAMEWORK_SEARCH_PATHS = (
					"$(inherited)",
					"$(PROJECT_DIR)/MyText/EM/3rdparty/Parse",
				);
				GCC_PREFIX_HEADER = "$(PROJECT_DIR)/MyText/PrefixHeader.pch";
				HEADER_SEARCH_PATHS = (
					"$(inherited)",
					"\"${PODS_ROOT}/Headers/Public\"",
					"\"${PODS_ROOT}/Headers/Public/AFDownloadRequestOperation\"",
					"\"${PODS_ROOT}/Headers/Public/AFNetworking\"",
					"\"${PODS_ROOT}/Headers/Public/GPUImage\"",
					"\"${PODS_ROOT}/Headers/Public/MBProgressHUD\"",
					"\"${PODS_ROOT}/Headers/Public/Nimbus\"",
					"\"${PODS_ROOT}/Headers/Public/ReactiveCocoa\"",
					"\"${PODS_ROOT}/Headers/Public/SDAutoLayout\"",
					"\"${PODS_ROOT}/Headers/Public/SDCycleScrollView\"",
					"\"${PODS_ROOT}/Headers/Public/SDWebImage\"",
					"$(BUILD_ROOT)/../IntermediateBuildFilesPath/UninstalledProducts/include",
				);
				INFOPLIST_FILE = MyText/Info.plist;
				IPHONEOS_DEPLOYMENT_TARGET = 7.0;
				LD_RUNPATH_SEARCH_PATHS = "$(inherited) @executable_path/Frameworks";
				LIBRARY_SEARCH_PATHS = (
					"$(inherited)",
					"$(PROJECT_DIR)/MyText/EM/3rdparty/VoiceConvert/opencore-amrnb",
					"$(PROJECT_DIR)/MyText/EM/3rdparty/VoiceConvert/opencore-amrwb",
					"$(PROJECT_DIR)/MyText/EM/EaseMobSDK/lib",
					"$(PROJECT_DIR)/build/Debug-iphoneos",
				);
				PRODUCT_BUNDLE_IDENTIFIER = slzbutton.MyText;
				PRODUCT_NAME = "$(TARGET_NAME)";
			};
			name = Release;
		};
		65A4255A1C5F32CF00968FFA /* Debug */ = {
			isa = XCBuildConfiguration;
			buildSettings = {
				BUNDLE_LOADER = "$(TEST_HOST)";
				INFOPLIST_FILE = MyTextTests/Info.plist;
				LD_RUNPATH_SEARCH_PATHS = "$(inherited) @executable_path/Frameworks @loader_path/Frameworks";
				PRODUCT_BUNDLE_IDENTIFIER = slzbutton.MyTextTests;
				PRODUCT_NAME = "$(TARGET_NAME)";
				TEST_HOST = "$(BUILT_PRODUCTS_DIR)/MyText.app/MyText";
			};
			name = Debug;
		};
		65A4255B1C5F32CF00968FFA /* Release */ = {
			isa = XCBuildConfiguration;
			buildSettings = {
				BUNDLE_LOADER = "$(TEST_HOST)";
				INFOPLIST_FILE = MyTextTests/Info.plist;
				LD_RUNPATH_SEARCH_PATHS = "$(inherited) @executable_path/Frameworks @loader_path/Frameworks";
				PRODUCT_BUNDLE_IDENTIFIER = slzbutton.MyTextTests;
				PRODUCT_NAME = "$(TARGET_NAME)";
				TEST_HOST = "$(BUILT_PRODUCTS_DIR)/MyText.app/MyText";
			};
			name = Release;
		};
		65A4255D1C5F32CF00968FFA /* Debug */ = {
			isa = XCBuildConfiguration;
			buildSettings = {
				INFOPLIST_FILE = MyTextUITests/Info.plist;
				LD_RUNPATH_SEARCH_PATHS = "$(inherited) @executable_path/Frameworks @loader_path/Frameworks";
				PRODUCT_BUNDLE_IDENTIFIER = slzbutton.MyTextUITests;
				PRODUCT_NAME = "$(TARGET_NAME)";
				TEST_TARGET_NAME = MyText;
				USES_XCTRUNNER = YES;
			};
			name = Debug;
		};
		65A4255E1C5F32CF00968FFA /* Release */ = {
			isa = XCBuildConfiguration;
			buildSettings = {
				INFOPLIST_FILE = MyTextUITests/Info.plist;
				LD_RUNPATH_SEARCH_PATHS = "$(inherited) @executable_path/Frameworks @loader_path/Frameworks";
				PRODUCT_BUNDLE_IDENTIFIER = slzbutton.MyTextUITests;
				PRODUCT_NAME = "$(TARGET_NAME)";
				TEST_TARGET_NAME = MyText;
				USES_XCTRUNNER = YES;
			};
			name = Release;
		};
/* End XCBuildConfiguration section */

/* Begin XCConfigurationList section */
		65A425241C5F32CE00968FFA /* Build configuration list for PBXProject "MyText" */ = {
			isa = XCConfigurationList;
			buildConfigurations = (
				65A425541C5F32CF00968FFA /* Debug */,
				65A425551C5F32CF00968FFA /* Release */,
			);
			defaultConfigurationIsVisible = 0;
			defaultConfigurationName = Release;
		};
		65A425561C5F32CF00968FFA /* Build configuration list for PBXNativeTarget "MyText" */ = {
			isa = XCConfigurationList;
			buildConfigurations = (
				65A425571C5F32CF00968FFA /* Debug */,
				65A425581C5F32CF00968FFA /* Release */,
			);
			defaultConfigurationIsVisible = 0;
			defaultConfigurationName = Release;
		};
		65A425591C5F32CF00968FFA /* Build configuration list for PBXNativeTarget "MyTextTests" */ = {
			isa = XCConfigurationList;
			buildConfigurations = (
				65A4255A1C5F32CF00968FFA /* Debug */,
				65A4255B1C5F32CF00968FFA /* Release */,
			);
			defaultConfigurationIsVisible = 0;
			defaultConfigurationName = Release;
		};
		65A4255C1C5F32CF00968FFA /* Build configuration list for PBXNativeTarget "MyTextUITests" */ = {
			isa = XCConfigurationList;
			buildConfigurations = (
				65A4255D1C5F32CF00968FFA /* Debug */,
				65A4255E1C5F32CF00968FFA /* Release */,
			);
			defaultConfigurationIsVisible = 0;
			defaultConfigurationName = Release;
		};
/* End XCConfigurationList section */
	};
	rootObject = 65A425211C5F32CE00968FFA /* Project object */;
}
