PODS:
  - AFNetworking (3.1.0):
    - AFNetworking/NSURLSession (= 3.1.0)
    - AFNetworking/Reachability (= 3.1.0)
    - AFNetworking/Security (= 3.1.0)
    - AFNetworking/Serialization (= 3.1.0)
    - AFNetworking/UIKit (= 3.1.0)
  - AFNetworking/NSURLSession (3.1.0):
    - AFNetworking/Reachability
    - AFNetworking/Security
    - AFNetworking/Serialization
  - AFNetworking/Reachability (3.1.0)
  - AFNetworking/Security (3.1.0)
  - AFNetworking/Serialization (3.1.0)
  - AFNetworking/UIKit (3.1.0):
    - AFNetworking/NSURLSession
  - AliyunOSSiOS (2.4.1)
  - CocoaSecurity (1.2.4)
  - GPUImage (0.1.7)
  - MBProgressHUD (0.9.2)
  - MJExtension (3.0.13)
  - NSLogger (1.5.1):
    - NSLogger/Standard (= 1.5.1)
  - NSLogger/Standard (1.5.1)
  - ReactiveCocoa (2.5):
    - ReactiveCocoa/UI (= 2.5)
  - ReactiveCocoa/Core (2.5):
    - ReactiveCocoa/no-arc
  - ReactiveCocoa/no-arc (2.5)
  - ReactiveCocoa/UI (2.5):
    - ReactiveCocoa/Core
  - SDAutoLayout (1.53)
  - SDCycleScrollView (1.65):
    - SDWebImage (~> 3.7)
  - SDWebImage (3.8.2):
    - SDWebImage/Core (= 3.8.2)
  - SDWebImage/Core (3.8.2)
  - UMeng (2.2.1)

DEPENDENCIES:
  - AFNetworking (~> 3.1.0)
  - AliyunOSSiOS (~> 2.4.1)
  - CocoaSecurity (~> 1.2.4)
  - GPUImage (~> 0.1.7)
  - MBProgressHUD (~> 0.9.2)
  - MJExtension (~> 3.0.13)
  - NSLogger
  - ReactiveCocoa
  - SDAutoLayout (~> 1.31)
  - SDCycleScrollView (~> 1.61)
  - UMeng (~> 2.2.1)

SPEC CHECKSUMS:
  AFNetworking: 5e0e199f73d8626b11e79750991f5d173d1f8b67
  AliyunOSSiOS: 1171c8c064b14c451ff54402178a1acab3aba8b3
  CocoaSecurity: d288a6f87e0f363823d2cb83e753814a6944f71a
  GPUImage: 733a5f0fab92df9de1c37ba9df520a833ccb406d
  MBProgressHUD: 1569cf7ace17a8bac47aabfbb8580a49690386d1
  MJExtension: 5932755f451458eefa24239358817f8d291240c7
  NSLogger: 5ed223a2436df96244e033be750656dacdeec034
  ReactiveCocoa: e2db045570aa97c695e7aa97c2bcab222ae51f4a
  SDAutoLayout: ea6e2ae9fbb438aa2feb0c4363dba9297e98638a
  SDCycleScrollView: f72904c77698a7f93a41bcbbc2d78b073bf7326c
  SDWebImage: 098e97e6176540799c27e804c96653ee0833d13c
  UMeng: a4fe3231efeb223015d9649e92538dd16a92685f

PODFILE CHECKSUM: d6f83edd37d817ced8fb88f545239801640a4c95

COCOAPODS: 1.1.1
